
Microsoft Visual Studio Solution File, Format Version 12.00
# Visual Studio Version 17
VisualStudioVersion = 17.11.35327.3
MinimumVisualStudioVersion = 10.0.40219.1
Project("{FAE04EC0-301F-11D3-BF4B-00C04F79EFBC}") = "ConsoleApp26", "ConsoleApp26.csproj", "{3D380215-9C1A-45FA-873E-9BF91D0D097F}"
EndProject
Global
	GlobalSection(SolutionConfigurationPlatforms) = preSolution
		Debug|Any CPU = Debug|Any CPU
		Release|Any CPU = Release|Any CPU
	EndGlobalSection
	GlobalSection(ProjectConfigurationPlatforms) = postSolution
		{3D380215-9C1A-45FA-873E-9BF91D0D097F}.Debug|Any CPU.ActiveCfg = Debug|Any CPU
		{3D380215-9C1A-45FA-873E-9BF91D0D097F}.Debug|Any CPU.Build.0 = Debug|Any CPU
		{3D380215-9C1A-45FA-873E-9BF91D0D097F}.Release|Any CPU.ActiveCfg = Release|Any CPU
		{3D380215-9C1A-45FA-873E-9BF91D0D097F}.Release|Any CPU.Build.0 = Release|Any CPU
	EndGlobalSection
	GlobalSection(SolutionProperties) = preSolution
		HideSolutionNode = FALSE
	EndGlobalSection
	GlobalSection(ExtensibilityGlobals) = postSolution
		SolutionGuid = {9DCD0C0E-425B-4521-98A0-A8A4466C3602}
	EndGlobalSection
EndGlobal
